// !$*UTF8*$!
{
	archiveVersion = 1;
	classes = {
	};
	objectVersion = 56;
	objects = {

/* Begin PBXBuildFile section */
		DE2FA9DF2A656A6A00AA8CC2 /* SelectDateView.swift in Sources */ = {isa = PBXBuildFile; fileRef = DE2FA9DE2A656A6A00AA8CC2 /* SelectDateView.swift */; };
		DE2FA9E12A65728600AA8CC2 /* MultiNetworkManager.swift in Sources */ = {isa = PBXBuildFile; fileRef = DE2FA9E02A65728600AA8CC2 /* MultiNetworkManager.swift */; };
		DE2FA9E42A6572D600AA8CC2 /* URL+Ext.swift in Sources */ = {isa = PBXBuildFile; fileRef = DE2FA9E32A6572D600AA8CC2 /* URL+Ext.swift */; };
		DE2FA9E72A65786000AA8CC2 /* APODListView.swift in Sources */ = {isa = PBXBuildFile; fileRef = DE2FA9E62A65786000AA8CC2 /* APODListView.swift */; };
		DE2FA9EB2A657A7A00AA8CC2 /* APODRow.swift in Sources */ = {isa = PBXBuildFile; fileRef = DE2FA9EA2A657A7A00AA8CC2 /* APODRow.swift */; };
		DE2FA9ED2A65837800AA8CC2 /* APODDetailView.swift in Sources */ = {isa = PBXBuildFile; fileRef = DE2FA9EC2A65837800AA8CC2 /* APODDetailView.swift */; };
		DE2FA9EF2A667B7100AA8CC2 /* InteractiveImageView.swift in Sources */ = {isa = PBXBuildFile; fileRef = DE2FA9EE2A667B7100AA8CC2 /* InteractiveImageView.swift */; };
		DE2FA9F12A667C9600AA8CC2 /* CGPoint+Ext.swift in Sources */ = {isa = PBXBuildFile; fileRef = DE2FA9F02A667C9600AA8CC2 /* CGPoint+Ext.swift */; };
		DE2FA9F32A667CA900AA8CC2 /* CGSize+Ext.swift in Sources */ = {isa = PBXBuildFile; fileRef = DE2FA9F22A667CA900AA8CC2 /* CGSize+Ext.swift */; };
		DEE798682A652887009F817B /* AstroPic_SwiftUIApp.swift in Sources */ = {isa = PBXBuildFile; fileRef = DEE798672A652887009F817B /* AstroPic_SwiftUIApp.swift */; };
		DEE7986A2A652887009F817B /* ContentView.swift in Sources */ = {isa = PBXBuildFile; fileRef = DEE798692A652887009F817B /* ContentView.swift */; };
		DEE7986C2A652889009F817B /* Assets.xcassets in Resources */ = {isa = PBXBuildFile; fileRef = DEE7986B2A652889009F817B /* Assets.xcassets */; };
		DEE7986F2A652889009F817B /* Preview Assets.xcassets in Resources */ = {isa = PBXBuildFile; fileRef = DEE7986E2A652889009F817B /* Preview Assets.xcassets */; };
		DEE798792A6528CF009F817B /* NetworkManager.swift in Sources */ = {isa = PBXBuildFile; fileRef = DEE798782A6528CF009F817B /* NetworkManager.swift */; };
		DEE7987B2A652C36009F817B /* Const.swift in Sources */ = {isa = PBXBuildFile; fileRef = DEE7987A2A652C36009F817B /* Const.swift */; };
		DEE7987D2A652CDA009F817B /* NetworkHelper.swift in Sources */ = {isa = PBXBuildFile; fileRef = DEE7987C2A652CDA009F817B /* NetworkHelper.swift */; };
		DEE7987F2A652F1B009F817B /* PicOfTodayView.swift in Sources */ = {isa = PBXBuildFile; fileRef = DEE7987E2A652F1B009F817B /* PicOfTodayView.swift */; };
		DEE798812A652FCF009F817B /* PhotoInfo.swift in Sources */ = {isa = PBXBuildFile; fileRef = DEE798802A652FCF009F817B /* PhotoInfo.swift */; };
/* End PBXBuildFile section */

/* Begin PBXFileReference section */
		DE2FA9DE2A656A6A00AA8CC2 /* SelectDateView.swift */ = {isa = PBXFileReference; lastKnownFileType = sourcecode.swift; path = SelectDateView.swift; sourceTree = "<group>"; };
		DE2FA9E02A65728600AA8CC2 /* MultiNetworkManager.swift */ = {isa = PBXFileReference; lastKnownFileType = sourcecode.swift; path = MultiNetworkManager.swift; sourceTree = "<group>"; };
		DE2FA9E32A6572D600AA8CC2 /* URL+Ext.swift */ = {isa = PBXFileReference; lastKnownFileType = sourcecode.swift; path = "URL+Ext.swift"; sourceTree = "<group>"; };
		DE2FA9E62A65786000AA8CC2 /* APODListView.swift */ = {isa = PBXFileReference; lastKnownFileType = sourcecode.swift; path = APODListView.swift; sourceTree = "<group>"; };
		DE2FA9EA2A657A7A00AA8CC2 /* APODRow.swift */ = {isa = PBXFileReference; lastKnownFileType = sourcecode.swift; path = APODRow.swift; sourceTree = "<group>"; };
		DE2FA9EC2A65837800AA8CC2 /* APODDetailView.swift */ = {isa = PBXFileReference; lastKnownFileType = sourcecode.swift; path = APODDetailView.swift; sourceTree = "<group>"; };
		DE2FA9EE2A667B7100AA8CC2 /* InteractiveImageView.swift */ = {isa = PBXFileReference; lastKnownFileType = sourcecode.swift; path = InteractiveImageView.swift; sourceTree = "<group>"; };
		DE2FA9F02A667C9600AA8CC2 /* CGPoint+Ext.swift */ = {isa = PBXFileReference; lastKnownFileType = sourcecode.swift; path = "CGPoint+Ext.swift"; sourceTree = "<group>"; };
		DE2FA9F22A667CA900AA8CC2 /* CGSize+Ext.swift */ = {isa = PBXFileReference; lastKnownFileType = sourcecode.swift; path = "CGSize+Ext.swift"; sourceTree = "<group>"; };
		DEE798642A652887009F817B /* AstroPic-SwiftUI.app */ = {isa = PBXFileReference; explicitFileType = wrapper.application; includeInIndex = 0; path = "AstroPic-SwiftUI.app"; sourceTree = BUILT_PRODUCTS_DIR; };
		DEE798672A652887009F817B /* AstroPic_SwiftUIApp.swift */ = {isa = PBXFileReference; lastKnownFileType = sourcecode.swift; path = AstroPic_SwiftUIApp.swift; sourceTree = "<group>"; };
		DEE798692A652887009F817B /* ContentView.swift */ = {isa = PBXFileReference; lastKnownFileType = sourcecode.swift; path = ContentView.swift; sourceTree = "<group>"; };
		DEE7986B2A652889009F817B /* Assets.xcassets */ = {isa = PBXFileReference; lastKnownFileType = folder.assetcatalog; path = Assets.xcassets; sourceTree = "<group>"; };
		DEE7986E2A652889009F817B /* Preview Assets.xcassets */ = {isa = PBXFileReference; lastKnownFileType = folder.assetcatalog; path = "Preview Assets.xcassets"; sourceTree = "<group>"; };
		DEE798782A6528CF009F817B /* NetworkManager.swift */ = {isa = PBXFileReference; lastKnownFileType = sourcecode.swift; path = NetworkManager.swift; sourceTree = "<group>"; };
		DEE7987A2A652C36009F817B /* Const.swift */ = {isa = PBXFileReference; lastKnownFileType = sourcecode.swift; path = Const.swift; sourceTree = "<group>"; };
		DEE7987C2A652CDA009F817B /* NetworkHelper.swift */ = {isa = PBXFileReference; lastKnownFileType = sourcecode.swift; path = NetworkHelper.swift; sourceTree = "<group>"; };
		DEE7987E2A652F1B009F817B /* PicOfTodayView.swift */ = {isa = PBXFileReference; lastKnownFileType = sourcecode.swift; path = PicOfTodayView.swift; sourceTree = "<group>"; };
		DEE798802A652FCF009F817B /* PhotoInfo.swift */ = {isa = PBXFileReference; lastKnownFileType = sourcecode.swift; path = PhotoInfo.swift; sourceTree = "<group>"; };
/* End PBXFileReference section */

/* Begin PBXFrameworksBuildPhase section */
		DEE798612A652887009F817B /* Frameworks */ = {
			isa = PBXFrameworksBuildPhase;
			buildActionMask = 2147483647;
			files = (
			);
			runOnlyForDeploymentPostprocessing = 0;
		};
/* End PBXFrameworksBuildPhase section */

/* Begin PBXGroup section */
		DE2FA9E22A6572C900AA8CC2 /* Extensions */ = {
			isa = PBXGroup;
			children = (
				DE2FA9E32A6572D600AA8CC2 /* URL+Ext.swift */,
				DE2FA9F02A667C9600AA8CC2 /* CGPoint+Ext.swift */,
				DE2FA9F22A667CA900AA8CC2 /* CGSize+Ext.swift */,
			);
			path = Extensions;
			sourceTree = "<group>";
		};
		DE2FA9E52A65743F00AA8CC2 /* Helpers */ = {
			isa = PBXGroup;
			children = (
				DEE7987C2A652CDA009F817B /* NetworkHelper.swift */,
				DEE7987A2A652C36009F817B /* Const.swift */,
			);
			path = Helpers;
			sourceTree = "<group>";
		};
		DEE7985B2A652887009F817B = {
			isa = PBXGroup;
			children = (
				DEE798662A652887009F817B /* AstroPic-SwiftUI */,
				DEE798652A652887009F817B /* Products */,
			);
			sourceTree = "<group>";
		};
		DEE798652A652887009F817B /* Products */ = {
			isa = PBXGroup;
			children = (
				DEE798642A652887009F817B /* AstroPic-SwiftUI.app */,
			);
			name = Products;
			sourceTree = "<group>";
		};
		DEE798662A652887009F817B /* AstroPic-SwiftUI */ = {
			isa = PBXGroup;
			children = (
				DE2FA9E52A65743F00AA8CC2 /* Helpers */,
				DE2FA9E22A6572C900AA8CC2 /* Extensions */,
				DEE798772A6528C0009F817B /* View Models */,
				DEE798762A6528B9009F817B /* Views */,
				DEE798752A6528B0009F817B /* Model */,
				DEE798672A652887009F817B /* AstroPic_SwiftUIApp.swift */,
				DEE798692A652887009F817B /* ContentView.swift */,
				DEE7986B2A652889009F817B /* Assets.xcassets */,
				DEE7986D2A652889009F817B /* Preview Content */,
			);
			path = "AstroPic-SwiftUI";
			sourceTree = "<group>";
		};
		DEE7986D2A652889009F817B /* Preview Content */ = {
			isa = PBXGroup;
			children = (
				DEE7986E2A652889009F817B /* Preview Assets.xcassets */,
			);
			path = "Preview Content";
			sourceTree = "<group>";
		};
		DEE798752A6528B0009F817B /* Model */ = {
			isa = PBXGroup;
			children = (
				DEE798802A652FCF009F817B /* PhotoInfo.swift */,
			);
			path = Model;
			sourceTree = "<group>";
		};
		DEE798762A6528B9009F817B /* Views */ = {
			isa = PBXGroup;
			children = (
				DEE7987E2A652F1B009F817B /* PicOfTodayView.swift */,
				DE2FA9DE2A656A6A00AA8CC2 /* SelectDateView.swift */,
				DE2FA9E62A65786000AA8CC2 /* APODListView.swift */,
				DE2FA9EA2A657A7A00AA8CC2 /* APODRow.swift */,
				DE2FA9EC2A65837800AA8CC2 /* APODDetailView.swift */,
				DE2FA9EE2A667B7100AA8CC2 /* InteractiveImageView.swift */,
			);
			path = Views;
			sourceTree = "<group>";
		};
		DEE798772A6528C0009F817B /* View Models */ = {
			isa = PBXGroup;
			children = (
				DEE798782A6528CF009F817B /* NetworkManager.swift */,
				DE2FA9E02A65728600AA8CC2 /* MultiNetworkManager.swift */,
			);
			path = "View Models";
			sourceTree = "<group>";
		};
/* End PBXGroup section */

/* Begin PBXNativeTarget section */
		DEE798632A652887009F817B /* AstroPic-SwiftUI */ = {
			isa = PBXNativeTarget;
			buildConfigurationList = DEE798722A652889009F817B /* Build configuration list for PBXNativeTarget "AstroPic-SwiftUI" */;
			buildPhases = (
				DEE798602A652887009F817B /* Sources */,
				DEE798612A652887009F817B /* Frameworks */,
				DEE798622A652887009F817B /* Resources */,
			);
			buildRules = (
			);
			dependencies = (
			);
			name = "AstroPic-SwiftUI";
			productName = "AstroPic-SwiftUI";
			productReference = DEE798642A652887009F817B /* AstroPic-SwiftUI.app */;
			productType = "com.apple.product-type.application";
		};
/* End PBXNativeTarget section */

/* Begin PBXProject section */
		DEE7985C2A652887009F817B /* Project object */ = {
			isa = PBXProject;
			attributes = {
				BuildIndependentTargetsInParallel = 1;
				LastSwiftUpdateCheck = 1430;
				LastUpgradeCheck = 1430;
				TargetAttributes = {
					DEE798632A652887009F817B = {
						CreatedOnToolsVersion = 14.3;
					};
				};
			};
			buildConfigurationList = DEE7985F2A652887009F817B /* Build configuration list for PBXProject "AstroPic-SwiftUI" */;
			compatibilityVersion = "Xcode 14.0";
			developmentRegion = en;
			hasScannedForEncodings = 0;
			knownRegions = (
				en,
				Base,
			);
			mainGroup = DEE7985B2A652887009F817B;
			productRefGroup = DEE798652A652887009F817B /* Products */;
			projectDirPath = "";
			projectRoot = "";
			targets = (
				DEE798632A652887009F817B /* AstroPic-SwiftUI */,
			);
		};
/* End PBXProject section */

/* Begin PBXResourcesBuildPhase section */
		DEE798622A652887009F817B /* Resources */ = {
			isa = PBXResourcesBuildPhase;
			buildActionMask = 2147483647;
			files = (
				DEE7986F2A652889009F817B /* Preview Assets.xcassets in Resources */,
				DEE7986C2A652889009F817B /* Assets.xcassets in Resources */,
			);
			runOnlyForDeploymentPostprocessing = 0;
		};
/* End PBXResourcesBuildPhase section */

/* Begin PBXSourcesBuildPhase section */
		DEE798602A652887009F817B /* Sources */ = {
			isa = PBXSourcesBuildPhase;
			buildActionMask = 2147483647;
			files = (
				DE2FA9DF2A656A6A00AA8CC2 /* SelectDateView.swift in Sources */,
				DE2FA9F12A667C9600AA8CC2 /* CGPoint+Ext.swift in Sources */,
				DEE798812A652FCF009F817B /* PhotoInfo.swift in Sources */,
				DEE798792A6528CF009F817B /* NetworkManager.swift in Sources */,
				DE2FA9EF2A667B7100AA8CC2 /* InteractiveImageView.swift in Sources */,
				DEE7987B2A652C36009F817B /* Const.swift in Sources */,
				DEE7987F2A652F1B009F817B /* PicOfTodayView.swift in Sources */,
				DE2FA9E12A65728600AA8CC2 /* MultiNetworkManager.swift in Sources */,
				DEE7987D2A652CDA009F817B /* NetworkHelper.swift in Sources */,
				DE2FA9E42A6572D600AA8CC2 /* URL+Ext.swift in Sources */,
				DE2FA9ED2A65837800AA8CC2 /* APODDetailView.swift in Sources */,
				DE2FA9EB2A657A7A00AA8CC2 /* APODRow.swift in Sources */,
				DE2FA9F32A667CA900AA8CC2 /* CGSize+Ext.swift in Sources */,
				DEE7986A2A652887009F817B /* ContentView.swift in Sources */,
				DEE798682A652887009F817B /* AstroPic_SwiftUIApp.swift in Sources */,
				DE2FA9E72A65786000AA8CC2 /* APODListView.swift in Sources */,
			);
			runOnlyForDeploymentPostprocessing = 0;
		};
/* End PBXSourcesBuildPhase section */

/* Begin XCBuildConfiguration section */
		DEE798702A652889009F817B /* Debug */ = {
			isa = XCBuildConfiguration;
			buildSettings = {
				ALWAYS_SEARCH_USER_PATHS = NO;
				CLANG_ANALYZER_NONNULL = YES;
				CLANG_ANALYZER_NUMBER_OBJECT_CONVERSION = YES_AGGRESSIVE;
				CLANG_CXX_LANGUAGE_STANDARD = "gnu++20";
				CLANG_ENABLE_MODULES = YES;
				CLANG_ENABLE_OBJC_ARC = YES;
				CLANG_ENABLE_OBJC_WEAK = YES;
				CLANG_WARN_BLOCK_CAPTURE_AUTORELEASING = YES;
				CLANG_WARN_BOOL_CONVERSION = YES;
				CLANG_WARN_COMMA = YES;
				CLANG_WARN_CONSTANT_CONVERSION = YES;
				CLANG_WARN_DEPRECATED_OBJC_IMPLEMENTATIONS = YES;
				CLANG_WARN_DIRECT_OBJC_ISA_USAGE = YES_ERROR;
				CLANG_WARN_DOCUMENTATION_COMMENTS = YES;
				CLANG_WARN_EMPTY_BODY = YES;
				CLANG_WARN_ENUM_CONVERSION = YES;
				CLANG_WARN_INFINITE_RECURSION = YES;
				CLANG_WARN_INT_CONVERSION = YES;
				CLANG_WARN_NON_LITERAL_NULL_CONVERSION = YES;
				CLANG_WARN_OBJC_IMPLICIT_RETAIN_SELF = YES;
				CLANG_WARN_OBJC_LITERAL_CONVERSION = YES;
				CLANG_WARN_OBJC_ROOT_CLASS = YES_ERROR;
				CLANG_WARN_QUOTED_INCLUDE_IN_FRAMEWORK_HEADER = YES;
				CLANG_WARN_RANGE_LOOP_ANALYSIS = YES;
				CLANG_WARN_STRICT_PROTOTYPES = YES;
				CLANG_WARN_SUSPICIOUS_MOVE = YES;
				CLANG_WARN_UNGUARDED_AVAILABILITY = YES_AGGRESSIVE;
				CLANG_WARN_UNREACHABLE_CODE = YES;
				CLANG_WARN__DUPLICATE_METHOD_MATCH = YES;
				COPY_PHASE_STRIP = NO;
				DEBUG_INFORMATION_FORMAT = dwarf;
				ENABLE_STRICT_OBJC_MSGSEND = YES;
				ENABLE_TESTABILITY = YES;
				GCC_C_LANGUAGE_STANDARD = gnu11;
				GCC_DYNAMIC_NO_PIC = NO;
				GCC_NO_COMMON_BLOCKS = YES;
				GCC_OPTIMIZATION_LEVEL = 0;
				GCC_PREPROCESSOR_DEFINITIONS = (
					"DEBUG=1",
					"$(inherited)",
				);
				GCC_WARN_64_TO_32_BIT_CONVERSION = YES;
				GCC_WARN_ABOUT_RETURN_TYPE = YES_ERROR;
				GCC_WARN_UNDECLARED_SELECTOR = YES;
				GCC_WARN_UNINITIALIZED_AUTOS = YES_AGGRESSIVE;
				GCC_WARN_UNUSED_FUNCTION = YES;
				GCC_WARN_UNUSED_VARIABLE = YES;
				IPHONEOS_DEPLOYMENT_TARGET = 16.4;
				MTL_ENABLE_DEBUG_INFO = INCLUDE_SOURCE;
				MTL_FAST_MATH = YES;
				ONLY_ACTIVE_ARCH = YES;
				SDKROOT = iphoneos;
				SWIFT_ACTIVE_COMPILATION_CONDITIONS = DEBUG;
				SWIFT_OPTIMIZATION_LEVEL = "-Onone";
			};
			name = Debug;
		};
		DEE798712A652889009F817B /* Release */ = {
			isa = XCBuildConfiguration;
			buildSettings = {
				ALWAYS_SEARCH_USER_PATHS = NO;
				CLANG_ANALYZER_NONNULL = YES;
				CLANG_ANALYZER_NUMBER_OBJECT_CONVERSION = YES_AGGRESSIVE;
				CLANG_CXX_LANGUAGE_STANDARD = "gnu++20";
				CLANG_ENABLE_MODULES = YES;
				CLANG_ENABLE_OBJC_ARC = YES;
				CLANG_ENABLE_OBJC_WEAK = YES;
				CLANG_WARN_BLOCK_CAPTURE_AUTORELEASING = YES;
				CLANG_WARN_BOOL_CONVERSION = YES;
				CLANG_WARN_COMMA = YES;
				CLANG_WARN_CONSTANT_CONVERSION = YES;
				CLANG_WARN_DEPRECATED_OBJC_IMPLEMENTATIONS = YES;
				CLANG_WARN_DIRECT_OBJC_ISA_USAGE = YES_ERROR;
				CLANG_WARN_DOCUMENTATION_COMMENTS = YES;
				CLANG_WARN_EMPTY_BODY = YES;
				CLANG_WARN_ENUM_CONVERSION = YES;
				CLANG_WARN_INFINITE_RECURSION = YES;
				CLANG_WARN_INT_CONVERSION = YES;
				CLANG_WARN_NON_LITERAL_NULL_CONVERSION = YES;
				CLANG_WARN_OBJC_IMPLICIT_RETAIN_SELF = YES;
				CLANG_WARN_OBJC_LITERAL_CONVERSION = YES;
				CLANG_WARN_OBJC_ROOT_CLASS = YES_ERROR;
				CLANG_WARN_QUOTED_INCLUDE_IN_FRAMEWORK_HEADER = YES;
				CLANG_WARN_RANGE_LOOP_ANALYSIS = YES;
				CLANG_WARN_STRICT_PROTOTYPES = YES;
				CLANG_WARN_SUSPICIOUS_MOVE = YES;
				CLANG_WARN_UNGUARDED_AVAILABILITY = YES_AGGRESSIVE;
				CLANG_WARN_UNREACHABLE_CODE = YES;
				CLANG_WARN__DUPLICATE_METHOD_MATCH = YES;
				COPY_PHASE_STRIP = NO;
				DEBUG_INFORMATION_FORMAT = "dwarf-with-dsym";
				ENABLE_NS_ASSERTIONS = NO;
				ENABLE_STRICT_OBJC_MSGSEND = YES;
				GCC_C_LANGUAGE_STANDARD = gnu11;
				GCC_NO_COMMON_BLOCKS = YES;
				GCC_WARN_64_TO_32_BIT_CONVERSION = YES;
				GCC_WARN_ABOUT_RETURN_TYPE = YES_ERROR;
				GCC_WARN_UNDECLARED_SELECTOR = YES;
				GCC_WARN_UNINITIALIZED_AUTOS = YES_AGGRESSIVE;
				GCC_WARN_UNUSED_FUNCTION = YES;
				GCC_WARN_UNUSED_VARIABLE = YES;
				IPHONEOS_DEPLOYMENT_TARGET = 16.4;
				MTL_ENABLE_DEBUG_INFO = NO;
				MTL_FAST_MATH = YES;
				SDKROOT = iphoneos;
				SWIFT_COMPILATION_MODE = wholemodule;
				SWIFT_OPTIMIZATION_LEVEL = "-O";
				VALIDATE_PRODUCT = YES;
			};
			name = Release;
		};
		DEE798732A652889009F817B /* Debug */ = {
			isa = XCBuildConfiguration;
			buildSettings = {
				ASSETCATALOG_COMPILER_APPICON_NAME = AppIcon;
				ASSETCATALOG_COMPILER_GLOBAL_ACCENT_COLOR_NAME = AccentColor;
				CODE_SIGN_STYLE = Automatic;
				CURRENT_PROJECT_VERSION = 1;
				DEVELOPMENT_ASSET_PATHS = "\"AstroPic-SwiftUI/Preview Content\"";
				DEVELOPMENT_TEAM = DC2CCCCLGJ;
				ENABLE_PREVIEWS = YES;
				GENERATE_INFOPLIST_FILE = YES;
				INFOPLIST_KEY_UIApplicationSceneManifest_Generation = YES;
				INFOPLIST_KEY_UIApplicationSupportsIndirectInputEvents = YES;
				INFOPLIST_KEY_UILaunchScreen_Generation = YES;
				INFOPLIST_KEY_UISupportedInterfaceOrientations_iPad = "UIInterfaceOrientationPortrait UIInterfaceOrientationPortraitUpsideDown UIInterfaceOrientationLandscapeLeft UIInterfaceOrientationLandscapeRight";
				INFOPLIST_KEY_UISupportedInterfaceOrientations_iPhone = "UIInterfaceOrientationPortrait UIInterfaceOrientationLandscapeLeft UIInterfaceOrientationLandscapeRight";
				LD_RUNPATH_SEARCH_PATHS = (
					"$(inherited)",
					"@executable_path/Frameworks",
				);
				MARKETING_VERSION = 1.0;
				PRODUCT_BUNDLE_IDENTIFIER = "com.agorkem.AstroPic-SwiftUI";
				PRODUCT_NAME = "$(TARGET_NAME)";
				SWIFT_EMIT_LOC_STRINGS = YES;
				SWIFT_VERSION = 5.0;
				TARGETED_DEVICE_FAMILY = "1,2";
			};
			name = Debug;
		};
		DEE798742A652889009F817B /* Release */ = {
			isa = XCBuildConfiguration;
			buildSettings = {
				ASSETCATALOG_COMPILER_APPICON_NAME = AppIcon;
				ASSETCATALOG_COMPILER_GLOBAL_ACCENT_COLOR_NAME = AccentColor;
				CODE_SIGN_STYLE = Automatic;
				CURRENT_PROJECT_VERSION = 1;
				DEVELOPMENT_ASSET_PATHS = "\"AstroPic-SwiftUI/Preview Content\"";
				DEVELOPMENT_TEAM = DC2CCCCLGJ;
				ENABLE_PREVIEWS = YES;
				GENERATE_INFOPLIST_FILE = YES;
				INFOPLIST_KEY_UIApplicationSceneManifest_Generation = YES;
				INFOPLIST_KEY_UIApplicationSupportsIndirectInputEvents = YES;
				INFOPLIST_KEY_UILaunchScreen_Generation = YES;
				INFOPLIST_KEY_UISupportedInterfaceOrientations_iPad = "UIInterfaceOrientationPortrait UIInterfaceOrientationPortraitUpsideDown UIInterfaceOrientationLandscapeLeft UIInterfaceOrientationLandscapeRight";
				INFOPLIST_KEY_UISupportedInterfaceOrientations_iPhone = "UIInterfaceOrientationPortrait UIInterfaceOrientationLandscapeLeft UIInterfaceOrientationLandscapeRight";
				LD_RUNPATH_SEARCH_PATHS = (
					"$(inherited)",
					"@executable_path/Frameworks",
				);
				MARKETING_VERSION = 1.0;
				PRODUCT_BUNDLE_IDENTIFIER = "com.agorkem.AstroPic-SwiftUI";
				PRODUCT_NAME = "$(TARGET_NAME)";
				SWIFT_EMIT_LOC_STRINGS = YES;
				SWIFT_VERSION = 5.0;
				TARGETED_DEVICE_FAMILY = "1,2";
			};
			name = Release;
		};
/* End XCBuildConfiguration section */

/* Begin XCConfigurationList section */
		DEE7985F2A652887009F817B /* Build configuration list for PBXProject "AstroPic-SwiftUI" */ = {
			isa = XCConfigurationList;
			buildConfigurations = (
				DEE798702A652889009F817B /* Debug */,
				DEE798712A652889009F817B /* Release */,
			);
			defaultConfigurationIsVisible = 0;
			defaultConfigurationName = Release;
		};
		DEE798722A652889009F817B /* Build configuration list for PBXNativeTarget "AstroPic-SwiftUI" */ = {
			isa = XCConfigurationList;
			buildConfigurations = (
				DEE798732A652889009F817B /* Debug */,
				DEE798742A652889009F817B /* Release */,
			);
			defaultConfigurationIsVisible = 0;
			defaultConfigurationName = Release;
		};
/* End XCConfigurationList section */
	};
	rootObject = DEE7985C2A652887009F817B /* Project object */;
}
